# THIS IS AN AUTOGENERATED FILE. DO NOT EDIT THIS FILE DIRECTLY.
# yarn lockfile v1


"@next/env@12.1.1-canary.7":
  version "12.1.1-canary.7"
  resolved "https://registry.yarnpkg.com/@next/env/-/env-12.1.1-canary.7.tgz#505f4f2dd9d15871f283e30505d6f1981d0b1386"
  integrity sha512-hCuof/APgIs7J3cq2vuoL6U2riOa8ZqhpOHnS5KOpP+EVglTPrIN1M3NSae1kfUjBwtr6MhCx28NkcJSIyhaag==

"@next/swc-darwin-arm64@canary":
  version "12.1.1-canary.7"
  resolved "https://registry.yarnpkg.com/@next/swc-darwin-arm64/-/swc-darwin-arm64-12.1.1-canary.7.tgz#684281b30a3e2f2479d09f58b3e4ddd2315c7b27"
  integrity sha512-Fc+HBxMCPgO06I0obwWICm+tOfjXd1nU7Q/N7QQOrntWemU0Lmaave/F5vYRfo5GZ5/9Qm2NhJ7pUsGjZg+7NQ==

"@next/swc-darwin-x64@canary":
  version "12.1.1-canary.7"
  resolved "https://registry.yarnpkg.com/@next/swc-darwin-x64/-/swc-darwin-x64-12.1.1-canary.7.tgz#d5d9d27b35471ff9ad4257e236701134f42df9e5"
  integrity sha512-ISjhTQ+vGxKX9Lse/ZsDiczt1QRvePHO04mUcOuUPr2kZDzhcH5XBifvy5WmfbNB5lNwQ9F7lxyUYBG3WEs5dg==

"@next/swc-linux-x64-gnu@canary":
  version "12.1.1-canary.7"
  resolved "https://registry.yarnpkg.com/@next/swc-linux-x64-gnu/-/swc-linux-x64-gnu-12.1.1-canary.7.tgz#fb92f44b25608f1e5143f7db4a3fe8aa651ab82d"
  integrity sha512-2vLr6YsdIB35T5uqJ5egFmffR7nefK+cIt54gxECOi03eKMcANvnzHcr9J5yiOqOfEgdLq6oP6dD2AfIzxDxeQ==

"@next/swc-win32-x64-msvc@canary":
  version "12.1.1-canary.7"
  resolved "https://registry.yarnpkg.com/@next/swc-win32-x64-msvc/-/swc-win32-x64-msvc-12.1.1-canary.7.tgz#73c5281f3e2357ea13232ba025c60378f1de5a84"
  integrity sha512-7yToLAWo58o5xKf5e1a0yGtGZo53LL4eIpLFL7k6EyGhSY4IfKpYiGhD9VSVGqUl9kb5Fokgr9De9wNE1k/KjA==

caniuse-lite@^1.0.30001283:
  version "1.0.30001286"
  resolved "https://registry.yarnpkg.com/caniuse-lite/-/caniuse-lite-1.0.30001286.tgz#3e9debad420419618cfdf52dc9b6572b28a8fff6"
  integrity sha512-zaEMRH6xg8ESMi2eQ3R4eZ5qw/hJiVsO/HlLwniIwErij0JDr9P+8V4dtx1l+kLq6j3yy8l8W4fst1lBnat5wQ==

"js-tokens@^3.0.0 || ^4.0.0":
  version "4.0.0"
  resolved "https://registry.yarnpkg.com/js-tokens/-/js-tokens-4.0.0.tgz#19203fb59991df98e3a287050d4647cdeaf32499"
  integrity sha512-RdJUflcE3cUzKiMqQgsCu06FPu9UdIJO0beYbPhHN4k6apgJtifcoCtT9bcxOpYBtpD2kCM6Sbzg4CausW/PKQ==

loose-envify@^1.1.0:
  version "1.4.0"
  resolved "https://registry.yarnpkg.com/loose-envify/-/loose-envify-1.4.0.tgz#71ee51fa7be4caec1a63839f7e682d8132d30caf"
  integrity sha512-lyuxPGr/Wfhrlem2CL/UcnUc1zcqKAImBDzukY7Y5F/yQiNdko6+fRLevlw1HgMySw7f611UIY408EtxRSoK3Q==
  dependencies:
    js-tokens "^3.0.0 || ^4.0.0"

ms@2.1.3:
  version "2.1.3"
  resolved "https://registry.yarnpkg.com/ms/-/ms-2.1.3.tgz#574c8138ce1d2b5861f0b44579dbadd60c6615b2"
  integrity sha512-6FlzubTLZG3J2a/NVCAleEhjzq5oxgHyaCU9yYXvcLsvoVaHJq/s5xXI6/XXP6tz7R9xAOtHnSO/tXtF3WRTlA==

nanoid@^3.1.30:
  version "3.2.0"
  resolved "https://registry.yarnpkg.com/nanoid/-/nanoid-3.2.0.tgz#62667522da6673971cca916a6d3eff3f415ff80c"
  integrity sha512-fmsZYa9lpn69Ad5eDn7FMcnnSR+8R34W9qJEijxYhTbfOWzr22n1QxCMzXLK+ODyW2973V3Fux959iQoUxzUIA==

"next@https://github.com/huozhi/gh-npm-dist":
  version "12.1.1-canary.7"
  resolved "https://github.com/huozhi/gh-npm-dist#8f23b39088e0c2468976db3202e477fa3c945721"
  dependencies:
    "@next/env" "12.1.1-canary.7"
    caniuse-lite "^1.0.30001283"
    postcss "8.4.5"
    styled-jsx "5.0.0"
    use-subscription "1.5.1"

object-assign@^4.1.1:
  version "4.1.1"
  resolved "https://registry.yarnpkg.com/object-assign/-/object-assign-4.1.1.tgz#2109adc7965887cfc05cbbd442cac8bfbb360863"
  integrity sha1-IQmtx5ZYh8/AXLvUQsrIv7s2CGM=

picocolors@^1.0.0:
  version "1.0.0"
  resolved "https://registry.yarnpkg.com/picocolors/-/picocolors-1.0.0.tgz#cb5bdc74ff3f51892236eaf79d68bc44564ab81c"
  integrity sha512-1fygroTLlHu66zi26VoTDv8yRgm0Fccecssto+MhsZ0D/DGW2sm8E8AjW7NU5VVTRt5GxbeZ5qBuJr+HyLYkjQ==

postcss@8.4.5:
  version "8.4.5"
  resolved "https://registry.yarnpkg.com/postcss/-/postcss-8.4.5.tgz#bae665764dfd4c6fcc24dc0fdf7e7aa00cc77f95"
  integrity sha512-jBDboWM8qpaqwkMwItqTQTiFikhs/67OYVvblFFTM7MrZjt6yMKd6r2kgXizEbTTljacm4NldIlZnhbjr84QYg==
  dependencies:
    nanoid "^3.1.30"
    picocolors "^1.0.0"
    source-map-js "^1.0.1"

react-dom@18.0.0-rc.2:
  version "18.0.0-rc.2"
  resolved "https://registry.yarnpkg.com/react-dom/-/react-dom-18.0.0-rc.2.tgz#b0a55afc2a2385e9e518071eaf7c89f0c214bba5"
  integrity sha512-EvLlgtc/wAzAIXX5V1gnLgeK9B3wAdEGmmrXXKRoRzXM0RNNwGN+6OxQPBlACiGDUYYEOk+GT8f6u+gNWDnTtg==
  dependencies:
    loose-envify "^1.1.0"
    scheduler "^0.21.0-rc.2"

react@18.0.0-rc.2:
  version "18.0.0-rc.2"
  resolved "https://registry.yarnpkg.com/react/-/react-18.0.0-rc.2.tgz#f54de68a912454331f7f718794fbf5e6c01eb855"
  integrity sha512-q32FWyA5HvqfRCN0ZOk0gUOpzJGPPh8fqbk8DYQuh4DyiGWiNgN/BxMq3/ScY0SlwDB1HOAMU1lUgtaOr5p2Ng==
  dependencies:
    loose-envify "^1.1.0"

scheduler@^0.21.0-rc.2:
  version "0.21.0-rc.1-next-f468816ef-20220225"
  resolved "https://registry.yarnpkg.com/scheduler/-/scheduler-0.21.0-rc.1-next-f468816ef-20220225.tgz#1909b9ce9e67de48f5ca06b52d98828401771e66"
  integrity sha512-/maKldJ78Ba2o1e9kh2mUpqNZH7XrmSQ1o1aa3HUPN/OMotUB9+pBKX/y3Zihkjco21H4cujG9hK2sJOZUpzJw==
  dependencies:
    loose-envify "^1.1.0"

source-map-js@^1.0.1:
  version "1.0.2"
  resolved "https://registry.yarnpkg.com/source-map-js/-/source-map-js-1.0.2.tgz#adbc361d9c62df380125e7f161f71c826f1e490c"
  integrity sha512-R0XvVJ9WusLiqTCEiGCmICCMplcCkIwwR11mOSD9CR5u+IXYdiseeEuXCVAjS54zqwkLcPNnmU4OeJ6tUrWhDw==

styled-jsx@5.0.0:
  version "5.0.0"
  resolved "https://registry.yarnpkg.com/styled-jsx/-/styled-jsx-5.0.0.tgz#816b4b92e07b1786c6b7111821750e0ba4d26e77"
  integrity sha512-qUqsWoBquEdERe10EW8vLp3jT25s/ssG1/qX5gZ4wu15OZpmSMFI2v+fWlRhLfykA5rFtlJ1ME8A8pm/peV4WA==

use-subscription@1.5.1:
  version "1.5.1"
  resolved "https://registry.yarnpkg.com/use-subscription/-/use-subscription-1.5.1.tgz#73501107f02fad84c6dd57965beb0b75c68c42d1"
  integrity sha512-Xv2a1P/yReAjAbhylMfFplFKj9GssgTwN7RlcTxBujFQcloStWNDQdc4g4NRWH9xS4i/FDk04vQBptAXoF3VcA==
  dependencies:
    object-assign "^4.1.1"
