# THIS IS AN AUTOGENERATED FILE. DO NOT EDIT THIS FILE DIRECTLY.
# yarn lockfile v1


"@next/env@12.1.1-canary.2":
  version "12.1.1-canary.2"
  resolved "https://registry.yarnpkg.com/@next/env/-/env-12.1.1-canary.2.tgz#1a971f7fe9204b05bc024742a2c750eeee3ceaa6"
  integrity sha512-g4sFxFwBYqOPR4Nu0msxx99vYN+pQg5GQddE9u/MT3C906onRSY6sEGpTOEYT3zvpjhue2n0HjJbwLMsaKPHNw==

"@next/swc-android-arm-eabi@12.1.1-canary.2":
  version "12.1.1-canary.2"
  resolved "https://registry.yarnpkg.com/@next/swc-android-arm-eabi/-/swc-android-arm-eabi-12.1.1-canary.2.tgz#51948998288ec73438fca04887cde132c2512a07"
  integrity sha512-owkZ9uJ5Nk+hUlMlTh8ViG3sRts21OySye7Dky9MAWO6peuZsw8LF+pQAswoSR1bgHvKYq0GaqxrXgXQd2atkQ==

"@next/swc-android-arm64@12.1.1-canary.2":
  version "12.1.1-canary.2"
  resolved "https://registry.yarnpkg.com/@next/swc-android-arm64/-/swc-android-arm64-12.1.1-canary.2.tgz#153a06059e83a97fd53c89a201ae32a4829a4843"
  integrity sha512-r/wwlbo96anEEyDmEj9icO798vIOW/1/vgimWMZzmUYLt3WlfKnlm4XtqAVTLmGnsIbIEjd5v+JnsKjQYt7AFw==

"@next/swc-darwin-arm64@12.1.1-canary.2":
  version "12.1.1-canary.2"
  resolved "https://registry.yarnpkg.com/@next/swc-darwin-arm64/-/swc-darwin-arm64-12.1.1-canary.2.tgz#e886081fa1b8c63d36a0508e8a8e171458897338"
  integrity sha512-R243VV15AfjmtT9mOOIjtvo3BCLKFIXfAbzGZdzjpCA8WGwiwjAvsP6GPn9k8BLpAVIpqa8CfT4eLAse5I3EyA==

"@next/swc-darwin-x64@12.1.1-canary.2":
  version "12.1.1-canary.2"
  resolved "https://registry.yarnpkg.com/@next/swc-darwin-x64/-/swc-darwin-x64-12.1.1-canary.2.tgz#fda15c1ddea9c00777296b38e30ff04154c9031f"
  integrity sha512-q33Guicy94kW5GXAnVeUIPxDirgH5SeQycL61NXqpxlUkU6JE9kNEag+ZLobuFNe+zcIFnMkYjki06ayh1YXpQ==

"@next/swc-linux-arm-gnueabihf@12.1.1-canary.2":
  version "12.1.1-canary.2"
  resolved "https://registry.yarnpkg.com/@next/swc-linux-arm-gnueabihf/-/swc-linux-arm-gnueabihf-12.1.1-canary.2.tgz#a46f6544590fcbd9b3cc5f6f4ee00eb4c82b613a"
  integrity sha512-kg3Q0g77xbPEF5ejVEwz74niaZ165X/5/2fRGim2pvOlBckAdgC34eVQATc8q96hfJ15pJ2CZY7dzQO75qy/3A==

"@next/swc-linux-arm64-gnu@12.1.1-canary.2":
  version "12.1.1-canary.2"
  resolved "https://registry.yarnpkg.com/@next/swc-linux-arm64-gnu/-/swc-linux-arm64-gnu-12.1.1-canary.2.tgz#6df9c7e75fff31005df9f5513a748733357bed0e"
  integrity sha512-OC50hrXEJgPyZp+dRiZnlJhL8HEkwh7d7NdaHfhZ9ZrLwVLmBa2bLmHLzqQ+Qkwcy11bFhGc5LX5UvNUW+aT5w==

"@next/swc-linux-arm64-musl@12.1.1-canary.2":
  version "12.1.1-canary.2"
  resolved "https://registry.yarnpkg.com/@next/swc-linux-arm64-musl/-/swc-linux-arm64-musl-12.1.1-canary.2.tgz#583ebfab67da312734eaf76627a110be5731f6fb"
  integrity sha512-CjLNtgYCDhpe0rL+5Ns2weJtugFkPT64E6fm7ypr5L9GVHHeKlQ9XCzlvcYRdqSPI/Y/5kW263XQjhTCSdx2WQ==

"@next/swc-linux-x64-gnu@12.1.1-canary.2":
  version "12.1.1-canary.2"
  resolved "https://registry.yarnpkg.com/@next/swc-linux-x64-gnu/-/swc-linux-x64-gnu-12.1.1-canary.2.tgz#25d0b86a314efa6202a7163b6fca7f5921d6fa6b"
  integrity sha512-gdpDQGaOJw2mtA49pgItnJPDLdDE+aeYTPFrhvrt3NZ6WVIABs6YiFDlVSfT7chETWP7VE/16o+Q5bfgSzXEaw==

"@next/swc-linux-x64-musl@12.1.1-canary.2":
  version "12.1.1-canary.2"
  resolved "https://registry.yarnpkg.com/@next/swc-linux-x64-musl/-/swc-linux-x64-musl-12.1.1-canary.2.tgz#eb834b3387e0e3a3bff34d5b344e1a1b3540baf9"
  integrity sha512-7HOod1wQozrhA1hsvEeCl876e54PBsS4+MeRpQvaYfqL8jhZvzPPv2dOxtEoQh9D49ZRy1EaB1Sd7yhGrCS7oA==

"@next/swc-win32-arm64-msvc@12.1.1-canary.2":
  version "12.1.1-canary.2"
  resolved "https://registry.yarnpkg.com/@next/swc-win32-arm64-msvc/-/swc-win32-arm64-msvc-12.1.1-canary.2.tgz#3ec92949425f992427e78c10121a6897685f29d6"
  integrity sha512-FH6DKCkESYk4N5Wl2iK4g48CcYqtJM8BqI+10lLaCEqFZ/ajGODED+JBTgE441Zr1VLyePvImdelzv+dqEaIqw==

"@next/swc-win32-ia32-msvc@12.1.1-canary.2":
  version "12.1.1-canary.2"
  resolved "https://registry.yarnpkg.com/@next/swc-win32-ia32-msvc/-/swc-win32-ia32-msvc-12.1.1-canary.2.tgz#23193ea28b6072f29e988317dc1aa850f9efad8d"
  integrity sha512-zIMGv1vl7cpmXjVDVB8medBn4zeW6h5ovYa13keoXyVGrg9cerryd/Gp8Jf65+oWyi1qf9p0QFuqjzMN9GW/yA==

"@next/swc-win32-x64-msvc@12.1.1-canary.2":
  version "12.1.1-canary.2"
  resolved "https://registry.yarnpkg.com/@next/swc-win32-x64-msvc/-/swc-win32-x64-msvc-12.1.1-canary.2.tgz#b4ab5b5a676b70a061ee9e27921331b5bbc7beb7"
  integrity sha512-mPC5hF+WqFxeIpwW3ddOUY8ppZCB0O/jw90Z3yUEk8YRFVp1zKDiHpV0ZZpYdTqGiB2b7wri6gAq6GH7u2v4Xg==

caniuse-lite@^1.0.30001283:
  version "1.0.30001286"
  resolved "https://registry.yarnpkg.com/caniuse-lite/-/caniuse-lite-1.0.30001286.tgz#3e9debad420419618cfdf52dc9b6572b28a8fff6"
  integrity sha512-zaEMRH6xg8ESMi2eQ3R4eZ5qw/hJiVsO/HlLwniIwErij0JDr9P+8V4dtx1l+kLq6j3yy8l8W4fst1lBnat5wQ==

"js-tokens@^3.0.0 || ^4.0.0":
  version "4.0.0"
  resolved "https://registry.yarnpkg.com/js-tokens/-/js-tokens-4.0.0.tgz#19203fb59991df98e3a287050d4647cdeaf32499"
  integrity sha512-RdJUflcE3cUzKiMqQgsCu06FPu9UdIJO0beYbPhHN4k6apgJtifcoCtT9bcxOpYBtpD2kCM6Sbzg4CausW/PKQ==

loose-envify@^1.1.0:
  version "1.4.0"
  resolved "https://registry.yarnpkg.com/loose-envify/-/loose-envify-1.4.0.tgz#71ee51fa7be4caec1a63839f7e682d8132d30caf"
  integrity sha512-lyuxPGr/Wfhrlem2CL/UcnUc1zcqKAImBDzukY7Y5F/yQiNdko6+fRLevlw1HgMySw7f611UIY408EtxRSoK3Q==
  dependencies:
    js-tokens "^3.0.0 || ^4.0.0"

ms@2.1.3:
  version "2.1.3"
  resolved "https://registry.yarnpkg.com/ms/-/ms-2.1.3.tgz#574c8138ce1d2b5861f0b44579dbadd60c6615b2"
  integrity sha512-6FlzubTLZG3J2a/NVCAleEhjzq5oxgHyaCU9yYXvcLsvoVaHJq/s5xXI6/XXP6tz7R9xAOtHnSO/tXtF3WRTlA==

nanoid@^3.1.30:
  version "3.2.0"
  resolved "https://registry.yarnpkg.com/nanoid/-/nanoid-3.2.0.tgz#62667522da6673971cca916a6d3eff3f415ff80c"
  integrity sha512-fmsZYa9lpn69Ad5eDn7FMcnnSR+8R34W9qJEijxYhTbfOWzr22n1QxCMzXLK+ODyW2973V3Fux959iQoUxzUIA==

next@12.1.1-canary.2:
  version "12.1.1-canary.2"
  resolved "https://registry.yarnpkg.com/next/-/next-12.1.1-canary.2.tgz#b5e6c1d51544f88ef6f59c3815208433e0a21b14"
  integrity sha512-zpeQi4NKnVE8znEihAXwBl/yOaSwaaWPtUnjr49XvIyALXIKMtDGlr6qjwVrhMmWXR009yDNRRI+qo/q+OFoUg==
  dependencies:
    "@next/env" "12.1.1-canary.2"
    caniuse-lite "^1.0.30001283"
    postcss "8.4.5"
    styled-jsx "5.0.0"
    use-subscription "1.5.1"
  optionalDependencies:
    "@next/swc-android-arm-eabi" "12.1.1-canary.2"
    "@next/swc-android-arm64" "12.1.1-canary.2"
    "@next/swc-darwin-arm64" "12.1.1-canary.2"
    "@next/swc-darwin-x64" "12.1.1-canary.2"
    "@next/swc-linux-arm-gnueabihf" "12.1.1-canary.2"
    "@next/swc-linux-arm64-gnu" "12.1.1-canary.2"
    "@next/swc-linux-arm64-musl" "12.1.1-canary.2"
    "@next/swc-linux-x64-gnu" "12.1.1-canary.2"
    "@next/swc-linux-x64-musl" "12.1.1-canary.2"
    "@next/swc-win32-arm64-msvc" "12.1.1-canary.2"
    "@next/swc-win32-ia32-msvc" "12.1.1-canary.2"
    "@next/swc-win32-x64-msvc" "12.1.1-canary.2"

object-assign@^4.1.1:
  version "4.1.1"
  resolved "https://registry.yarnpkg.com/object-assign/-/object-assign-4.1.1.tgz#2109adc7965887cfc05cbbd442cac8bfbb360863"
  integrity sha1-IQmtx5ZYh8/AXLvUQsrIv7s2CGM=

picocolors@^1.0.0:
  version "1.0.0"
  resolved "https://registry.yarnpkg.com/picocolors/-/picocolors-1.0.0.tgz#cb5bdc74ff3f51892236eaf79d68bc44564ab81c"
  integrity sha512-1fygroTLlHu66zi26VoTDv8yRgm0Fccecssto+MhsZ0D/DGW2sm8E8AjW7NU5VVTRt5GxbeZ5qBuJr+HyLYkjQ==

postcss@8.4.5:
  version "8.4.5"
  resolved "https://registry.yarnpkg.com/postcss/-/postcss-8.4.5.tgz#bae665764dfd4c6fcc24dc0fdf7e7aa00cc77f95"
  integrity sha512-jBDboWM8qpaqwkMwItqTQTiFikhs/67OYVvblFFTM7MrZjt6yMKd6r2kgXizEbTTljacm4NldIlZnhbjr84QYg==
  dependencies:
    nanoid "^3.1.30"
    picocolors "^1.0.0"
    source-map-js "^1.0.1"

react-dom@18.0.0-rc.0:
  version "18.0.0-rc.0"
  resolved "https://registry.yarnpkg.com/react-dom/-/react-dom-18.0.0-rc.0.tgz#aa07044bdd6399ff94c664b2985e2e25948fbf3e"
  integrity sha512-tdD1n0svTndHBQvVAq/f2Kx7FgQ30CpSLp87/neQKAHPW5WtdgW1sBSwmFAcMQOrmstTuP0M+zRlH86f9kMX/A==
  dependencies:
    loose-envify "^1.1.0"
    object-assign "^4.1.1"
    scheduler "^0.21.0-rc.0"

react@18.0.0-rc.0:
  version "18.0.0-rc.0"
  resolved "https://registry.yarnpkg.com/react/-/react-18.0.0-rc.0.tgz#60bfcf1edd0b35fbeeeca852515c6cc2ce06a6eb"
  integrity sha512-PawosMBgF8k5Nlc3++ibzjFqPvo1XKv80MNtVYqz3abHHB2w3IpU65sSdSmBd2ooCwVhcp9b1vkx/twqhakNtA==
  dependencies:
    loose-envify "^1.1.0"
    object-assign "^4.1.1"

scheduler@^0.21.0-rc.0:
  version "0.21.0-rc.0-next-f2a59df48-20211208"
  resolved "https://registry.yarnpkg.com/scheduler/-/scheduler-0.21.0-rc.0-next-f2a59df48-20211208.tgz#54e18e1d360194fd54b47a00616e46403fcabdf1"
  integrity sha512-x0oLd3YIih9GHqWTaFYejVe6Au+4TadOWZciAq8m4+Fuo5qCi4/3M35a9irVSIP3+qcg/fCqHKJETT9G0ejD1A==
  dependencies:
    loose-envify "^1.1.0"
    object-assign "^4.1.1"

source-map-js@^1.0.1:
  version "1.0.2"
  resolved "https://registry.yarnpkg.com/source-map-js/-/source-map-js-1.0.2.tgz#adbc361d9c62df380125e7f161f71c826f1e490c"
  integrity sha512-R0XvVJ9WusLiqTCEiGCmICCMplcCkIwwR11mOSD9CR5u+IXYdiseeEuXCVAjS54zqwkLcPNnmU4OeJ6tUrWhDw==

styled-jsx@5.0.0:
  version "5.0.0"
  resolved "https://registry.yarnpkg.com/styled-jsx/-/styled-jsx-5.0.0.tgz#816b4b92e07b1786c6b7111821750e0ba4d26e77"
  integrity sha512-qUqsWoBquEdERe10EW8vLp3jT25s/ssG1/qX5gZ4wu15OZpmSMFI2v+fWlRhLfykA5rFtlJ1ME8A8pm/peV4WA==

use-subscription@1.5.1:
  version "1.5.1"
  resolved "https://registry.yarnpkg.com/use-subscription/-/use-subscription-1.5.1.tgz#73501107f02fad84c6dd57965beb0b75c68c42d1"
  integrity sha512-Xv2a1P/yReAjAbhylMfFplFKj9GssgTwN7RlcTxBujFQcloStWNDQdc4g4NRWH9xS4i/FDk04vQBptAXoF3VcA==
  dependencies:
    object-assign "^4.1.1"
